
Microsoft Visual Studio Solution File, Format Version 12.00
# Visual Studio Version 17
VisualStudioVersion = 17.1.32421.90
MinimumVisualStudioVersion = 10.0.40219.1
Project("{FAE04EC0-301F-11D3-BF4B-00C04F79EFBC}") = "RO-Tools", "RO-Tools\RO-Tools.csproj", "{5FF14FE3-9CDF-4AA6-BD12-7D75AC45CA3E}"
EndProject
Global
	GlobalSection(SolutionConfigurationPlatforms) = preSolution
		Debug|Any CPU = Debug|Any CPU
		Release|Any CPU = Release|Any CPU
	EndGlobalSection
	GlobalSection(ProjectConfigurationPlatforms) = postSolution
		{5FF14FE3-9CDF-4AA6-BD12-7D75AC45CA3E}.Debug|Any CPU.ActiveCfg = Debug|Any CPU
		{5FF14FE3-9CDF-4AA6-BD12-7D75AC45CA3E}.Debug|Any CPU.Build.0 = Debug|Any CPU
		{5FF14FE3-9CDF-4AA6-BD12-7D75AC45CA3E}.Release|Any CPU.ActiveCfg = Release|Any CPU
		{5FF14FE3-9CDF-4AA6-BD12-7D75AC45CA3E}.Release|Any CPU.Build.0 = Release|Any CPU
	EndGlobalSection
	GlobalSection(SolutionProperties) = preSolution
		HideSolutionNode = FALSE
	EndGlobalSection
	GlobalSection(ExtensibilityGlobals) = postSolution
		SolutionGuid = {4FD0CBB1-B0EE-446D-A615-E3EE015A6B1A}
	EndGlobalSection
EndGlobal
